
Microsoft Visual Studio Solution File, Format Version 12.00
# Visual Studio Version 17
VisualStudioVersion = 17.14.36717.8 d17.14
MinimumVisualStudioVersion = 10.0.40219.1
Project("{2150E333-8FDC-42A3-9474-1A3956D46DE8}") = "Task0", "Task0", "{02EA681E-C7D8-13C7-8484-4AC65E1B71E8}"
EndProject
Project("{FAE04EC0-301F-11D3-BF4B-00C04F79EFBC}") = "Tyuiu.SozonovaVA.Sprint4.Task0.V22", "Tyuiu.SozonovaVA.Sprint4.Task0.V22\Tyuiu.SozonovaVA.Sprint4.Task0.V22.csproj", "{031E6E39-330C-49E0-B239-F2581358C5C1}"
EndProject
Project("{FAE04EC0-301F-11D3-BF4B-00C04F79EFBC}") = "Tyuiu.SozonovaVA.Sprint4.Task0.V22.Lib", "Tyuiu.SozonovaVA.Sprint4.Task0.V22.Lib\Tyuiu.SozonovaVA.Sprint4.Task0.V22.Lib.csproj", "{81145435-90E9-47F8-B1AB-FD76C06AAD05}"
EndProject
Project("{FAE04EC0-301F-11D3-BF4B-00C04F79EFBC}") = "Tyuiu.SozonovaVA.Sprint4.Task0.V22.Test", "Tyuiu.SozonovaVA.Sprint4.Task0.V22.Test\Tyuiu.SozonovaVA.Sprint4.Task0.V22.Test.csproj", "{8B93ED5E-4637-462E-9319-CD177F4FB98C}"
EndProject
Project("{2150E333-8FDC-42A3-9474-1A3956D46DE8}") = "Task1", "Task1", "{D4FC7CAA-8F7D-4FF2-850F-108A78BC7C0D}"
EndProject
Project("{FAE04EC0-301F-11D3-BF4B-00C04F79EFBC}") = "Tyuiu.SozonovaVA.Sprint4.Task1.V30", "Tyuiu.SozonovaVA.Sprint4.Task1.V30\Tyuiu.SozonovaVA.Sprint4.Task1.V30.csproj", "{A6DCBCB8-F86C-40E6-BDAD-62816D65C879}"
EndProject
Project("{FAE04EC0-301F-11D3-BF4B-00C04F79EFBC}") = "Tyuiu.SozonovaVA.Sprint4.Task1.V30.Lib", "Tyuiu.SozonovaVA.Sprint4.Task1.V30.Lib\Tyuiu.SozonovaVA.Sprint4.Task1.V30.Lib.csproj", "{6113B73F-7651-4017-8C2A-2DE1FF3D1525}"
EndProject
Project("{FAE04EC0-301F-11D3-BF4B-00C04F79EFBC}") = "Tyuiu.SozonovaVA.Sprint4.Task1.V30.Test", "Tyuiu.SozonovaVA.Sprint4.Task1.V30.Test\Tyuiu.SozonovaVA.Sprint4.Task1.V30.Test.csproj", "{5FC304FC-9C61-4A52-B03F-94FBB9326C63}"
EndProject
Project("{2150E333-8FDC-42A3-9474-1A3956D46DE8}") = "Task2", "Task2", "{265AF91E-CF33-4469-877C-8A456289BA7B}"
EndProject
Project("{FAE04EC0-301F-11D3-BF4B-00C04F79EFBC}") = "Tyuiu.SozonovaVA.Sprint4.Task2.V10", "Tyuiu.SozonovaVA.Sprint4.Task2.V10\Tyuiu.SozonovaVA.Sprint4.Task2.V10.csproj", "{76CE27D0-83A7-495E-B580-C469A7783AB1}"
EndProject
Project("{FAE04EC0-301F-11D3-BF4B-00C04F79EFBC}") = "Tyuiu.SozonovaVA.Sprint4.Task2.V10.Lib", "Tyuiu.SozonovaVA.Sprint4.Task2.V10.Lib\Tyuiu.SozonovaVA.Sprint4.Task2.V10.Lib.csproj", "{560D02C4-8CAD-46A8-BE4B-D7E6BBC811E7}"
EndProject
Project("{FAE04EC0-301F-11D3-BF4B-00C04F79EFBC}") = "Tyuiu.SozonovaVA.Sprint4.Task2.V10.Test", "Tyuiu.SozonovaVA.Sprint4.Task2.V10.Test\Tyuiu.SozonovaVA.Sprint4.Task2.V10.Test.csproj", "{82A92DC6-23B1-4495-8D4C-97B2A909893A}"
EndProject
Global
	GlobalSection(SolutionConfigurationPlatforms) = preSolution
		Debug|Any CPU = Debug|Any CPU
		Release|Any CPU = Release|Any CPU
	EndGlobalSection
	GlobalSection(ProjectConfigurationPlatforms) = postSolution
		{031E6E39-330C-49E0-B239-F2581358C5C1}.Debug|Any CPU.ActiveCfg = Debug|Any CPU
		{031E6E39-330C-49E0-B239-F2581358C5C1}.Debug|Any CPU.Build.0 = Debug|Any CPU
		{031E6E39-330C-49E0-B239-F2581358C5C1}.Release|Any CPU.ActiveCfg = Release|Any CPU
		{031E6E39-330C-49E0-B239-F2581358C5C1}.Release|Any CPU.Build.0 = Release|Any CPU
		{81145435-90E9-47F8-B1AB-FD76C06AAD05}.Debug|Any CPU.ActiveCfg = Debug|Any CPU
		{81145435-90E9-47F8-B1AB-FD76C06AAD05}.Debug|Any CPU.Build.0 = Debug|Any CPU
		{81145435-90E9-47F8-B1AB-FD76C06AAD05}.Release|Any CPU.ActiveCfg = Release|Any CPU
		{81145435-90E9-47F8-B1AB-FD76C06AAD05}.Release|Any CPU.Build.0 = Release|Any CPU
		{8B93ED5E-4637-462E-9319-CD177F4FB98C}.Debug|Any CPU.ActiveCfg = Debug|Any CPU
		{8B93ED5E-4637-462E-9319-CD177F4FB98C}.Debug|Any CPU.Build.0 = Debug|Any CPU
		{8B93ED5E-4637-462E-9319-CD177F4FB98C}.Release|Any CPU.ActiveCfg = Release|Any CPU
		{8B93ED5E-4637-462E-9319-CD177F4FB98C}.Release|Any CPU.Build.0 = Release|Any CPU
		{A6DCBCB8-F86C-40E6-BDAD-62816D65C879}.Debug|Any CPU.ActiveCfg = Debug|Any CPU
		{A6DCBCB8-F86C-40E6-BDAD-62816D65C879}.Debug|Any CPU.Build.0 = Debug|Any CPU
		{A6DCBCB8-F86C-40E6-BDAD-62816D65C879}.Release|Any CPU.ActiveCfg = Release|Any CPU
		{A6DCBCB8-F86C-40E6-BDAD-62816D65C879}.Release|Any CPU.Build.0 = Release|Any CPU
		{6113B73F-7651-4017-8C2A-2DE1FF3D1525}.Debug|Any CPU.ActiveCfg = Debug|Any CPU
		{6113B73F-7651-4017-8C2A-2DE1FF3D1525}.Debug|Any CPU.Build.0 = Debug|Any CPU
		{6113B73F-7651-4017-8C2A-2DE1FF3D1525}.Release|Any CPU.ActiveCfg = Release|Any CPU
		{6113B73F-7651-4017-8C2A-2DE1FF3D1525}.Release|Any CPU.Build.0 = Release|Any CPU
		{5FC304FC-9C61-4A52-B03F-94FBB9326C63}.Debug|Any CPU.ActiveCfg = Debug|Any CPU
		{5FC304FC-9C61-4A52-B03F-94FBB9326C63}.Debug|Any CPU.Build.0 = Debug|Any CPU
		{5FC304FC-9C61-4A52-B03F-94FBB9326C63}.Release|Any CPU.ActiveCfg = Release|Any CPU
		{5FC304FC-9C61-4A52-B03F-94FBB9326C63}.Release|Any CPU.Build.0 = Release|Any CPU
		{76CE27D0-83A7-495E-B580-C469A7783AB1}.Debug|Any CPU.ActiveCfg = Debug|Any CPU
		{76CE27D0-83A7-495E-B580-C469A7783AB1}.Debug|Any CPU.Build.0 = Debug|Any CPU
		{76CE27D0-83A7-495E-B580-C469A7783AB1}.Release|Any CPU.ActiveCfg = Release|Any CPU
		{76CE27D0-83A7-495E-B580-C469A7783AB1}.Release|Any CPU.Build.0 = Release|Any CPU
		{560D02C4-8CAD-46A8-BE4B-D7E6BBC811E7}.Debug|Any CPU.ActiveCfg = Debug|Any CPU
		{560D02C4-8CAD-46A8-BE4B-D7E6BBC811E7}.Debug|Any CPU.Build.0 = Debug|Any CPU
		{560D02C4-8CAD-46A8-BE4B-D7E6BBC811E7}.Release|Any CPU.ActiveCfg = Release|Any CPU
		{560D02C4-8CAD-46A8-BE4B-D7E6BBC811E7}.Release|Any CPU.Build.0 = Release|Any CPU
		{82A92DC6-23B1-4495-8D4C-97B2A909893A}.Debug|Any CPU.ActiveCfg = Debug|Any CPU
		{82A92DC6-23B1-4495-8D4C-97B2A909893A}.Debug|Any CPU.Build.0 = Debug|Any CPU
		{82A92DC6-23B1-4495-8D4C-97B2A909893A}.Release|Any CPU.ActiveCfg = Release|Any CPU
		{82A92DC6-23B1-4495-8D4C-97B2A909893A}.Release|Any CPU.Build.0 = Release|Any CPU
	EndGlobalSection
	GlobalSection(SolutionProperties) = preSolution
		HideSolutionNode = FALSE
	EndGlobalSection
	GlobalSection(NestedProjects) = preSolution
		{031E6E39-330C-49E0-B239-F2581358C5C1} = {02EA681E-C7D8-13C7-8484-4AC65E1B71E8}
		{81145435-90E9-47F8-B1AB-FD76C06AAD05} = {02EA681E-C7D8-13C7-8484-4AC65E1B71E8}
		{8B93ED5E-4637-462E-9319-CD177F4FB98C} = {02EA681E-C7D8-13C7-8484-4AC65E1B71E8}
		{A6DCBCB8-F86C-40E6-BDAD-62816D65C879} = {D4FC7CAA-8F7D-4FF2-850F-108A78BC7C0D}
		{6113B73F-7651-4017-8C2A-2DE1FF3D1525} = {D4FC7CAA-8F7D-4FF2-850F-108A78BC7C0D}
		{5FC304FC-9C61-4A52-B03F-94FBB9326C63} = {D4FC7CAA-8F7D-4FF2-850F-108A78BC7C0D}
		{76CE27D0-83A7-495E-B580-C469A7783AB1} = {265AF91E-CF33-4469-877C-8A456289BA7B}
		{560D02C4-8CAD-46A8-BE4B-D7E6BBC811E7} = {265AF91E-CF33-4469-877C-8A456289BA7B}
		{82A92DC6-23B1-4495-8D4C-97B2A909893A} = {265AF91E-CF33-4469-877C-8A456289BA7B}
	EndGlobalSection
	GlobalSection(ExtensibilityGlobals) = postSolution
		SolutionGuid = {400A6A53-ABC6-4D2A-B42D-B2A94426039F}
	EndGlobalSection
EndGlobal
