
Microsoft Visual Studio Solution File, Format Version 12.00
# Visual Studio Version 17
VisualStudioVersion = 17.14.36717.8 d17.14
MinimumVisualStudioVersion = 10.0.40219.1
Project("{2150E333-8FDC-42A3-9474-1A3956D46DE8}") = "Task0", "Task0", "{02EA681E-C7D8-13C7-8484-4AC65E1B71E8}"
EndProject
Project("{FAE04EC0-301F-11D3-BF4B-00C04F79EFBC}") = "Tyuiu.SozonovaVA.Sprint4.Task0.V22", "Tyuiu.SozonovaVA.Sprint4.Task0.V22\Tyuiu.SozonovaVA.Sprint4.Task0.V22.csproj", "{031E6E39-330C-49E0-B239-F2581358C5C1}"
EndProject
Project("{FAE04EC0-301F-11D3-BF4B-00C04F79EFBC}") = "Tyuiu.SozonovaVA.Sprint4.Task0.V22.Lib", "Tyuiu.SozonovaVA.Sprint4.Task0.V22.Lib\Tyuiu.SozonovaVA.Sprint4.Task0.V22.Lib.csproj", "{81145435-90E9-47F8-B1AB-FD76C06AAD05}"
EndProject
Project("{FAE04EC0-301F-11D3-BF4B-00C04F79EFBC}") = "Tyuiu.SozonovaVA.Sprint4.Task0.V22.Test", "Tyuiu.SozonovaVA.Sprint4.Task0.V22.Test\Tyuiu.SozonovaVA.Sprint4.Task0.V22.Test.csproj", "{8B93ED5E-4637-462E-9319-CD177F4FB98C}"
EndProject
Project("{2150E333-8FDC-42A3-9474-1A3956D46DE8}") = "Task1", "Task1", "{D4FC7CAA-8F7D-4FF2-850F-108A78BC7C0D}"
EndProject
Project("{FAE04EC0-301F-11D3-BF4B-00C04F79EFBC}") = "Tyuiu.SozonovaVA.Sprint4.Task1.V30", "Tyuiu.SozonovaVA.Sprint4.Task1.V30\Tyuiu.SozonovaVA.Sprint4.Task1.V30.csproj", "{A6DCBCB8-F86C-40E6-BDAD-62816D65C879}"
EndProject
Project("{FAE04EC0-301F-11D3-BF4B-00C04F79EFBC}") = "Tyuiu.SozonovaVA.Sprint4.Task1.V30.Lib", "Tyuiu.SozonovaVA.Sprint4.Task1.V30.Lib\Tyuiu.SozonovaVA.Sprint4.Task1.V30.Lib.csproj", "{6113B73F-7651-4017-8C2A-2DE1FF3D1525}"
EndProject
Project("{FAE04EC0-301F-11D3-BF4B-00C04F79EFBC}") = "Tyuiu.SozonovaVA.Sprint4.Task1.V30.Test", "Tyuiu.SozonovaVA.Sprint4.Task1.V30.Test\Tyuiu.SozonovaVA.Sprint4.Task1.V30.Test.csproj", "{5FC304FC-9C61-4A52-B03F-94FBB9326C63}"
EndProject
Project("{2150E333-8FDC-42A3-9474-1A3956D46DE8}") = "Task2", "Task2", "{265AF91E-CF33-4469-877C-8A456289BA7B}"
EndProject
Project("{FAE04EC0-301F-11D3-BF4B-00C04F79EFBC}") = "Tyuiu.SozonovaVA.Sprint4.Task2.V10", "Tyuiu.SozonovaVA.Sprint4.Task2.V10\Tyuiu.SozonovaVA.Sprint4.Task2.V10.csproj", "{76CE27D0-83A7-495E-B580-C469A7783AB1}"
EndProject
Project("{FAE04EC0-301F-11D3-BF4B-00C04F79EFBC}") = "Tyuiu.SozonovaVA.Sprint4.Task2.V10.Lib", "Tyuiu.SozonovaVA.Sprint4.Task2.V10.Lib\Tyuiu.SozonovaVA.Sprint4.Task2.V10.Lib.csproj", "{560D02C4-8CAD-46A8-BE4B-D7E6BBC811E7}"
EndProject
Project("{FAE04EC0-301F-11D3-BF4B-00C04F79EFBC}") = "Tyuiu.SozonovaVA.Sprint4.Task2.V10.Test", "Tyuiu.SozonovaVA.Sprint4.Task2.V10.Test\Tyuiu.SozonovaVA.Sprint4.Task2.V10.Test.csproj", "{82A92DC6-23B1-4495-8D4C-97B2A909893A}"
EndProject
Project("{2150E333-8FDC-42A3-9474-1A3956D46DE8}") = "Task3", "Task3", "{6597087F-1DEB-4E20-A675-0C8FF644C744}"
EndProject
Project("{FAE04EC0-301F-11D3-BF4B-00C04F79EFBC}") = "Tyuiu.SozonovaVA.Sprint4.Task3.V24", "Tyuiu.SozonovaVA.Sprint4.Task3.V24\Tyuiu.SozonovaVA.Sprint4.Task3.V24.csproj", "{B307A11F-FF42-4648-8152-615ACA031BCC}"
EndProject
Project("{FAE04EC0-301F-11D3-BF4B-00C04F79EFBC}") = "Tyuiu.SozonovaVA.Sprint4.Task3.V24.Lib", "Tyuiu.SozonovaVA.Sprint4.Task3.V24.Lib\Tyuiu.SozonovaVA.Sprint4.Task3.V24.Lib.csproj", "{BD520220-481F-4A5B-846D-3708F27FC625}"
EndProject
Project("{FAE04EC0-301F-11D3-BF4B-00C04F79EFBC}") = "Tyuiu.SozonovaVA.Sprint4.Task3.V24.Test", "Tyuiu.SozonovaVA.Sprint4.Task3.V24.Test\Tyuiu.SozonovaVA.Sprint4.Task3.V24.Test.csproj", "{6F51602E-157D-45D6-B5D3-21BE8A037B87}"
EndProject
Project("{2150E333-8FDC-42A3-9474-1A3956D46DE8}") = "Task4", "Task4", "{7AB53399-BDE2-4012-89C6-6D83D44AF975}"
EndProject
Project("{FAE04EC0-301F-11D3-BF4B-00C04F79EFBC}") = "Tyuiu.SozonovaVA.Sprint4.Task4.V17", "Tyuiu.SozonovaVA.Sprint4.Task4.V17\Tyuiu.SozonovaVA.Sprint4.Task4.V17.csproj", "{80A301DB-0C66-4A8B-AF54-2BBD60FE8E5A}"
EndProject
Project("{FAE04EC0-301F-11D3-BF4B-00C04F79EFBC}") = "Tyuiu.SozonovaVA.Sprint4.Task4.V17.Lib", "Tyuiu.SozonovaVA.Sprint4.Task4.V17.Lib\Tyuiu.SozonovaVA.Sprint4.Task4.V17.Lib.csproj", "{19E6F118-AA73-4E7C-A889-D11A6C7E8AAD}"
EndProject
Project("{FAE04EC0-301F-11D3-BF4B-00C04F79EFBC}") = "Tyuiu.SozonovaVA.Sprint4.Task4.V17.Test", "Tyuiu.SozonovaVA.Sprint4.Task4.V17.Test\Tyuiu.SozonovaVA.Sprint4.Task4.V17.Test.csproj", "{F4202A74-61D4-45CE-94CD-6AFAFE5738E5}"
EndProject
Project("{2150E333-8FDC-42A3-9474-1A3956D46DE8}") = "Task5", "Task5", "{AEFB0FC7-0275-4169-8AC1-3800C7FA1A97}"
EndProject
Project("{FAE04EC0-301F-11D3-BF4B-00C04F79EFBC}") = "Tyuiu.SozonovaVA.Sprint4.Task5.V25", "Tyuiu.SozonovaVA.Sprint4.Task5.V25\Tyuiu.SozonovaVA.Sprint4.Task5.V25.csproj", "{15BF91BA-2E4E-43D0-AF44-E08EEAC50562}"
EndProject
Project("{FAE04EC0-301F-11D3-BF4B-00C04F79EFBC}") = "Tyuiu.SozonovaVA.Sprint4.Task5.V25.Lib", "Tyuiu.SozonovaVA.Sprint4.Task5.V25.Lib\Tyuiu.SozonovaVA.Sprint4.Task5.V25.Lib.csproj", "{8BED8B2E-25DB-43B9-B334-9A482523B6FE}"
EndProject
Project("{FAE04EC0-301F-11D3-BF4B-00C04F79EFBC}") = "Tyuiu.SozonovaVA.Sprint4.Task5.V25.Test", "Tyuiu.SozonovaVA.Sprint4.Task5.V25.Test\Tyuiu.SozonovaVA.Sprint4.Task5.V25.Test.csproj", "{FB8C2428-D5BC-4E60-8173-0B25FEF12E55}"
EndProject
Global
	GlobalSection(SolutionConfigurationPlatforms) = preSolution
		Debug|Any CPU = Debug|Any CPU
		Release|Any CPU = Release|Any CPU
	EndGlobalSection
	GlobalSection(ProjectConfigurationPlatforms) = postSolution
		{031E6E39-330C-49E0-B239-F2581358C5C1}.Debug|Any CPU.ActiveCfg = Debug|Any CPU
		{031E6E39-330C-49E0-B239-F2581358C5C1}.Debug|Any CPU.Build.0 = Debug|Any CPU
		{031E6E39-330C-49E0-B239-F2581358C5C1}.Release|Any CPU.ActiveCfg = Release|Any CPU
		{031E6E39-330C-49E0-B239-F2581358C5C1}.Release|Any CPU.Build.0 = Release|Any CPU
		{81145435-90E9-47F8-B1AB-FD76C06AAD05}.Debug|Any CPU.ActiveCfg = Debug|Any CPU
		{81145435-90E9-47F8-B1AB-FD76C06AAD05}.Debug|Any CPU.Build.0 = Debug|Any CPU
		{81145435-90E9-47F8-B1AB-FD76C06AAD05}.Release|Any CPU.ActiveCfg = Release|Any CPU
		{81145435-90E9-47F8-B1AB-FD76C06AAD05}.Release|Any CPU.Build.0 = Release|Any CPU
		{8B93ED5E-4637-462E-9319-CD177F4FB98C}.Debug|Any CPU.ActiveCfg = Debug|Any CPU
		{8B93ED5E-4637-462E-9319-CD177F4FB98C}.Debug|Any CPU.Build.0 = Debug|Any CPU
		{8B93ED5E-4637-462E-9319-CD177F4FB98C}.Release|Any CPU.ActiveCfg = Release|Any CPU
		{8B93ED5E-4637-462E-9319-CD177F4FB98C}.Release|Any CPU.Build.0 = Release|Any CPU
		{A6DCBCB8-F86C-40E6-BDAD-62816D65C879}.Debug|Any CPU.ActiveCfg = Debug|Any CPU
		{A6DCBCB8-F86C-40E6-BDAD-62816D65C879}.Debug|Any CPU.Build.0 = Debug|Any CPU
		{A6DCBCB8-F86C-40E6-BDAD-62816D65C879}.Release|Any CPU.ActiveCfg = Release|Any CPU
		{A6DCBCB8-F86C-40E6-BDAD-62816D65C879}.Release|Any CPU.Build.0 = Release|Any CPU
		{6113B73F-7651-4017-8C2A-2DE1FF3D1525}.Debug|Any CPU.ActiveCfg = Debug|Any CPU
		{6113B73F-7651-4017-8C2A-2DE1FF3D1525}.Debug|Any CPU.Build.0 = Debug|Any CPU
		{6113B73F-7651-4017-8C2A-2DE1FF3D1525}.Release|Any CPU.ActiveCfg = Release|Any CPU
		{6113B73F-7651-4017-8C2A-2DE1FF3D1525}.Release|Any CPU.Build.0 = Release|Any CPU
		{5FC304FC-9C61-4A52-B03F-94FBB9326C63}.Debug|Any CPU.ActiveCfg = Debug|Any CPU
		{5FC304FC-9C61-4A52-B03F-94FBB9326C63}.Debug|Any CPU.Build.0 = Debug|Any CPU
		{5FC304FC-9C61-4A52-B03F-94FBB9326C63}.Release|Any CPU.ActiveCfg = Release|Any CPU
		{5FC304FC-9C61-4A52-B03F-94FBB9326C63}.Release|Any CPU.Build.0 = Release|Any CPU
		{76CE27D0-83A7-495E-B580-C469A7783AB1}.Debug|Any CPU.ActiveCfg = Debug|Any CPU
		{76CE27D0-83A7-495E-B580-C469A7783AB1}.Debug|Any CPU.Build.0 = Debug|Any CPU
		{76CE27D0-83A7-495E-B580-C469A7783AB1}.Release|Any CPU.ActiveCfg = Release|Any CPU
		{76CE27D0-83A7-495E-B580-C469A7783AB1}.Release|Any CPU.Build.0 = Release|Any CPU
		{560D02C4-8CAD-46A8-BE4B-D7E6BBC811E7}.Debug|Any CPU.ActiveCfg = Debug|Any CPU
		{560D02C4-8CAD-46A8-BE4B-D7E6BBC811E7}.Debug|Any CPU.Build.0 = Debug|Any CPU
		{560D02C4-8CAD-46A8-BE4B-D7E6BBC811E7}.Release|Any CPU.ActiveCfg = Release|Any CPU
		{560D02C4-8CAD-46A8-BE4B-D7E6BBC811E7}.Release|Any CPU.Build.0 = Release|Any CPU
		{82A92DC6-23B1-4495-8D4C-97B2A909893A}.Debug|Any CPU.ActiveCfg = Debug|Any CPU
		{82A92DC6-23B1-4495-8D4C-97B2A909893A}.Debug|Any CPU.Build.0 = Debug|Any CPU
		{82A92DC6-23B1-4495-8D4C-97B2A909893A}.Release|Any CPU.ActiveCfg = Release|Any CPU
		{82A92DC6-23B1-4495-8D4C-97B2A909893A}.Release|Any CPU.Build.0 = Release|Any CPU
		{B307A11F-FF42-4648-8152-615ACA031BCC}.Debug|Any CPU.ActiveCfg = Debug|Any CPU
		{B307A11F-FF42-4648-8152-615ACA031BCC}.Debug|Any CPU.Build.0 = Debug|Any CPU
		{B307A11F-FF42-4648-8152-615ACA031BCC}.Release|Any CPU.ActiveCfg = Release|Any CPU
		{B307A11F-FF42-4648-8152-615ACA031BCC}.Release|Any CPU.Build.0 = Release|Any CPU
		{BD520220-481F-4A5B-846D-3708F27FC625}.Debug|Any CPU.ActiveCfg = Debug|Any CPU
		{BD520220-481F-4A5B-846D-3708F27FC625}.Debug|Any CPU.Build.0 = Debug|Any CPU
		{BD520220-481F-4A5B-846D-3708F27FC625}.Release|Any CPU.ActiveCfg = Release|Any CPU
		{BD520220-481F-4A5B-846D-3708F27FC625}.Release|Any CPU.Build.0 = Release|Any CPU
		{6F51602E-157D-45D6-B5D3-21BE8A037B87}.Debug|Any CPU.ActiveCfg = Debug|Any CPU
		{6F51602E-157D-45D6-B5D3-21BE8A037B87}.Debug|Any CPU.Build.0 = Debug|Any CPU
		{6F51602E-157D-45D6-B5D3-21BE8A037B87}.Release|Any CPU.ActiveCfg = Release|Any CPU
		{6F51602E-157D-45D6-B5D3-21BE8A037B87}.Release|Any CPU.Build.0 = Release|Any CPU
		{80A301DB-0C66-4A8B-AF54-2BBD60FE8E5A}.Debug|Any CPU.ActiveCfg = Debug|Any CPU
		{80A301DB-0C66-4A8B-AF54-2BBD60FE8E5A}.Debug|Any CPU.Build.0 = Debug|Any CPU
		{80A301DB-0C66-4A8B-AF54-2BBD60FE8E5A}.Release|Any CPU.ActiveCfg = Release|Any CPU
		{80A301DB-0C66-4A8B-AF54-2BBD60FE8E5A}.Release|Any CPU.Build.0 = Release|Any CPU
		{19E6F118-AA73-4E7C-A889-D11A6C7E8AAD}.Debug|Any CPU.ActiveCfg = Debug|Any CPU
		{19E6F118-AA73-4E7C-A889-D11A6C7E8AAD}.Debug|Any CPU.Build.0 = Debug|Any CPU
		{19E6F118-AA73-4E7C-A889-D11A6C7E8AAD}.Release|Any CPU.ActiveCfg = Release|Any CPU
		{19E6F118-AA73-4E7C-A889-D11A6C7E8AAD}.Release|Any CPU.Build.0 = Release|Any CPU
		{F4202A74-61D4-45CE-94CD-6AFAFE5738E5}.Debug|Any CPU.ActiveCfg = Debug|Any CPU
		{F4202A74-61D4-45CE-94CD-6AFAFE5738E5}.Debug|Any CPU.Build.0 = Debug|Any CPU
		{F4202A74-61D4-45CE-94CD-6AFAFE5738E5}.Release|Any CPU.ActiveCfg = Release|Any CPU
		{F4202A74-61D4-45CE-94CD-6AFAFE5738E5}.Release|Any CPU.Build.0 = Release|Any CPU
		{15BF91BA-2E4E-43D0-AF44-E08EEAC50562}.Debug|Any CPU.ActiveCfg = Debug|Any CPU
		{15BF91BA-2E4E-43D0-AF44-E08EEAC50562}.Debug|Any CPU.Build.0 = Debug|Any CPU
		{15BF91BA-2E4E-43D0-AF44-E08EEAC50562}.Release|Any CPU.ActiveCfg = Release|Any CPU
		{15BF91BA-2E4E-43D0-AF44-E08EEAC50562}.Release|Any CPU.Build.0 = Release|Any CPU
		{8BED8B2E-25DB-43B9-B334-9A482523B6FE}.Debug|Any CPU.ActiveCfg = Debug|Any CPU
		{8BED8B2E-25DB-43B9-B334-9A482523B6FE}.Debug|Any CPU.Build.0 = Debug|Any CPU
		{8BED8B2E-25DB-43B9-B334-9A482523B6FE}.Release|Any CPU.ActiveCfg = Release|Any CPU
		{8BED8B2E-25DB-43B9-B334-9A482523B6FE}.Release|Any CPU.Build.0 = Release|Any CPU
		{FB8C2428-D5BC-4E60-8173-0B25FEF12E55}.Debug|Any CPU.ActiveCfg = Debug|Any CPU
		{FB8C2428-D5BC-4E60-8173-0B25FEF12E55}.Debug|Any CPU.Build.0 = Debug|Any CPU
		{FB8C2428-D5BC-4E60-8173-0B25FEF12E55}.Release|Any CPU.ActiveCfg = Release|Any CPU
		{FB8C2428-D5BC-4E60-8173-0B25FEF12E55}.Release|Any CPU.Build.0 = Release|Any CPU
	EndGlobalSection
	GlobalSection(SolutionProperties) = preSolution
		HideSolutionNode = FALSE
	EndGlobalSection
	GlobalSection(NestedProjects) = preSolution
		{031E6E39-330C-49E0-B239-F2581358C5C1} = {02EA681E-C7D8-13C7-8484-4AC65E1B71E8}
		{81145435-90E9-47F8-B1AB-FD76C06AAD05} = {02EA681E-C7D8-13C7-8484-4AC65E1B71E8}
		{8B93ED5E-4637-462E-9319-CD177F4FB98C} = {02EA681E-C7D8-13C7-8484-4AC65E1B71E8}
		{A6DCBCB8-F86C-40E6-BDAD-62816D65C879} = {D4FC7CAA-8F7D-4FF2-850F-108A78BC7C0D}
		{6113B73F-7651-4017-8C2A-2DE1FF3D1525} = {D4FC7CAA-8F7D-4FF2-850F-108A78BC7C0D}
		{5FC304FC-9C61-4A52-B03F-94FBB9326C63} = {D4FC7CAA-8F7D-4FF2-850F-108A78BC7C0D}
		{76CE27D0-83A7-495E-B580-C469A7783AB1} = {265AF91E-CF33-4469-877C-8A456289BA7B}
		{560D02C4-8CAD-46A8-BE4B-D7E6BBC811E7} = {265AF91E-CF33-4469-877C-8A456289BA7B}
		{82A92DC6-23B1-4495-8D4C-97B2A909893A} = {265AF91E-CF33-4469-877C-8A456289BA7B}
		{B307A11F-FF42-4648-8152-615ACA031BCC} = {6597087F-1DEB-4E20-A675-0C8FF644C744}
		{BD520220-481F-4A5B-846D-3708F27FC625} = {6597087F-1DEB-4E20-A675-0C8FF644C744}
		{6F51602E-157D-45D6-B5D3-21BE8A037B87} = {6597087F-1DEB-4E20-A675-0C8FF644C744}
		{80A301DB-0C66-4A8B-AF54-2BBD60FE8E5A} = {7AB53399-BDE2-4012-89C6-6D83D44AF975}
		{19E6F118-AA73-4E7C-A889-D11A6C7E8AAD} = {7AB53399-BDE2-4012-89C6-6D83D44AF975}
		{F4202A74-61D4-45CE-94CD-6AFAFE5738E5} = {7AB53399-BDE2-4012-89C6-6D83D44AF975}
		{15BF91BA-2E4E-43D0-AF44-E08EEAC50562} = {AEFB0FC7-0275-4169-8AC1-3800C7FA1A97}
		{8BED8B2E-25DB-43B9-B334-9A482523B6FE} = {AEFB0FC7-0275-4169-8AC1-3800C7FA1A97}
		{FB8C2428-D5BC-4E60-8173-0B25FEF12E55} = {AEFB0FC7-0275-4169-8AC1-3800C7FA1A97}
	EndGlobalSection
	GlobalSection(ExtensibilityGlobals) = postSolution
		SolutionGuid = {400A6A53-ABC6-4D2A-B42D-B2A94426039F}
	EndGlobalSection
EndGlobal
